// !$*UTF8*$!
{
	archiveVersion = 1;
	classes = {
	};
	objectVersion = 70;
	objects = {

/* Begin PBXBuildFile section */
		64A07DC62BFE7CCB00FDE113 /* Preview Assets.xcassets in Resources */ = {isa = PBXBuildFile; fileRef = 64A07DC52BFE7CCB00FDE113 /* Preview Assets.xcassets */; };
		64A07DE82BFE7CDA00FDE113 /* PhotometryARApp.swift in Sources */ = {isa = PBXBuildFile; fileRef = 64A07DD32BFE7CDA00FDE113 /* PhotometryARApp.swift */; };
		64A07E152BFE9E0F00FDE113 /* ContentView.swift in Sources */ = {isa = PBXBuildFile; fileRef = 64A07E022BFE9C7700FDE113 /* ContentView.swift */; };
		64F43E522BFEB06E0069D4F3 /* Assets.xcassets in Resources */ = {isa = PBXBuildFile; fileRef = 64F43E512BFEB06E0069D4F3 /* Assets.xcassets */; };
		660D62882DE9952300A714F7 /* BottomOverlayButtons.swift in Sources */ = {isa = PBXBuildFile; fileRef = 660D62752DE9952300A714F7 /* BottomOverlayButtons.swift */; };
		660D62892DE9952300A714F7 /* HelpPageView.swift in Sources */ = {isa = PBXBuildFile; fileRef = 660D62832DE9952300A714F7 /* HelpPageView.swift */; };
		660D628A2DE9952300A714F7 /* CaptureOverlayView.swift in Sources */ = {isa = PBXBuildFile; fileRef = 660D62762DE9952300A714F7 /* CaptureOverlayView.swift */; };
		660D628B2DE9952300A714F7 /* TopOverlayButtons.swift in Sources */ = {isa = PBXBuildFile; fileRef = 660D62782DE9952300A714F7 /* TopOverlayButtons.swift */; };
		660D628C2DE9952300A714F7 /* OnboardingView.swift in Sources */ = {isa = PBXBuildFile; fileRef = 660D627E2DE9952300A714F7 /* OnboardingView.swift */; };
		660D628D2DE9952300A714F7 /* CapturePrimaryView.swift in Sources */ = {isa = PBXBuildFile; fileRef = 660D627A2DE9952300A714F7 /* CapturePrimaryView.swift */; };
		660D628E2DE9952300A714F7 /* PrimaryView.swift in Sources */ = {isa = PBXBuildFile; fileRef = 660D62862DE9952300A714F7 /* PrimaryView.swift */; };
		660D628F2DE9952300A714F7 /* OnboardingTutorialView.swift in Sources */ = {isa = PBXBuildFile; fileRef = 660D627D2DE9952300A714F7 /* OnboardingTutorialView.swift */; };
		660D62902DE9952300A714F7 /* TutorialPageView.swift in Sources */ = {isa = PBXBuildFile; fileRef = 660D62842DE9952300A714F7 /* TutorialPageView.swift */; };
		660D62912DE9952300A714F7 /* ReconstructionView.swift in Sources */ = {isa = PBXBuildFile; fileRef = 660D62812DE9952300A714F7 /* ReconstructionView.swift */; };
		660D62922DE9952300A714F7 /* ProgressBarView.swift in Sources */ = {isa = PBXBuildFile; fileRef = 660D62802DE9952300A714F7 /* ProgressBarView.swift */; };
		660D62932DE9952300A714F7 /* OnboardingButtonView.swift in Sources */ = {isa = PBXBuildFile; fileRef = 660D627C2DE9952300A714F7 /* OnboardingButtonView.swift */; };
		660D62942DE9952300A714F7 /* FeedbackView.swift in Sources */ = {isa = PBXBuildFile; fileRef = 660D62772DE9952300A714F7 /* FeedbackView.swift */; };
		66D7F5452DF9C26D003A369E /* CaptureFolderManager.swift in Sources */ = {isa = PBXBuildFile; fileRef = 66D7F53D2DF9C26D003A369E /* CaptureFolderManager.swift */; };
		66D95BC22DCF728F00C2D46B /* TabBar.swift in Sources */ = {isa = PBXBuildFile; fileRef = 66D95BC12DCF728F00C2D46B /* TabBar.swift */; };
		F9432A642C17AC0500D540FD /* PrivacyInfo.xcprivacy in Resources */ = {isa = PBXBuildFile; fileRef = F9432A632C17AC0500D540FD /* PrivacyInfo.xcprivacy */; };
/* End PBXBuildFile section */

/* Begin PBXFileReference section */
		64A07DC52BFE7CCB00FDE113 /* Preview Assets.xcassets */ = {isa = PBXFileReference; lastKnownFileType = folder.assetcatalog; path = "Preview Assets.xcassets"; sourceTree = "<group>"; };
		64A07DD32BFE7CDA00FDE113 /* PhotometryARApp.swift */ = {isa = PBXFileReference; lastKnownFileType = sourcecode.swift; path = PhotometryARApp.swift; sourceTree = "<group>"; };
		64A07E022BFE9C7700FDE113 /* ContentView.swift */ = {isa = PBXFileReference; lastKnownFileType = sourcecode.swift; path = ContentView.swift; sourceTree = "<group>"; };
		64A07E202BFEA1F100FDE113 /* Info.plist */ = {isa = PBXFileReference; lastKnownFileType = text.plist.xml; path = Info.plist; sourceTree = "<group>"; };
		64F43E512BFEB06E0069D4F3 /* Assets.xcassets */ = {isa = PBXFileReference; lastKnownFileType = folder.assetcatalog; path = Assets.xcassets; sourceTree = "<group>"; };
		660D62112DE9818400A714F7 /* PhotometryAR.app */ = {isa = PBXFileReference; explicitFileType = wrapper.application; includeInIndex = 0; path = PhotometryAR.app; sourceTree = BUILT_PRODUCTS_DIR; };
		660D62752DE9952300A714F7 /* BottomOverlayButtons.swift */ = {isa = PBXFileReference; lastKnownFileType = sourcecode.swift; path = BottomOverlayButtons.swift; sourceTree = "<group>"; };
		660D62762DE9952300A714F7 /* CaptureOverlayView.swift */ = {isa = PBXFileReference; lastKnownFileType = sourcecode.swift; path = CaptureOverlayView.swift; sourceTree = "<group>"; };
		660D62772DE9952300A714F7 /* FeedbackView.swift */ = {isa = PBXFileReference; lastKnownFileType = sourcecode.swift; path = FeedbackView.swift; sourceTree = "<group>"; };
		660D62782DE9952300A714F7 /* TopOverlayButtons.swift */ = {isa = PBXFileReference; lastKnownFileType = sourcecode.swift; path = TopOverlayButtons.swift; sourceTree = "<group>"; };
		660D627A2DE9952300A714F7 /* CapturePrimaryView.swift */ = {isa = PBXFileReference; lastKnownFileType = sourcecode.swift; path = CapturePrimaryView.swift; sourceTree = "<group>"; };
		660D627C2DE9952300A714F7 /* OnboardingButtonView.swift */ = {isa = PBXFileReference; lastKnownFileType = sourcecode.swift; path = OnboardingButtonView.swift; sourceTree = "<group>"; };
		660D627D2DE9952300A714F7 /* OnboardingTutorialView.swift */ = {isa = PBXFileReference; lastKnownFileType = sourcecode.swift; path = OnboardingTutorialView.swift; sourceTree = "<group>"; };
		660D627E2DE9952300A714F7 /* OnboardingView.swift */ = {isa = PBXFileReference; lastKnownFileType = sourcecode.swift; path = OnboardingView.swift; sourceTree = "<group>"; };
		660D62802DE9952300A714F7 /* ProgressBarView.swift */ = {isa = PBXFileReference; lastKnownFileType = sourcecode.swift; path = ProgressBarView.swift; sourceTree = "<group>"; };
		660D62812DE9952300A714F7 /* ReconstructionView.swift */ = {isa = PBXFileReference; lastKnownFileType = sourcecode.swift; path = ReconstructionView.swift; sourceTree = "<group>"; };
		660D62832DE9952300A714F7 /* HelpPageView.swift */ = {isa = PBXFileReference; lastKnownFileType = sourcecode.swift; path = HelpPageView.swift; sourceTree = "<group>"; };
		660D62842DE9952300A714F7 /* TutorialPageView.swift */ = {isa = PBXFileReference; lastKnownFileType = sourcecode.swift; path = TutorialPageView.swift; sourceTree = "<group>"; };
		660D62862DE9952300A714F7 /* PrimaryView.swift */ = {isa = PBXFileReference; lastKnownFileType = sourcecode.swift; path = PrimaryView.swift; sourceTree = "<group>"; };
		66D7F53D2DF9C26D003A369E /* CaptureFolderManager.swift */ = {isa = PBXFileReference; lastKnownFileType = sourcecode.swift; path = CaptureFolderManager.swift; sourceTree = "<group>"; };
		66D95BC12DCF728F00C2D46B /* TabBar.swift */ = {isa = PBXFileReference; lastKnownFileType = sourcecode.swift; path = TabBar.swift; sourceTree = "<group>"; };
		F9432A632C17AC0500D540FD /* PrivacyInfo.xcprivacy */ = {isa = PBXFileReference; lastKnownFileType = text.xml; path = PrivacyInfo.xcprivacy; sourceTree = "<group>"; };
/* End PBXFileReference section */

/* Begin PBXFileSystemSynchronizedRootGroup section */
		66D7F5552DF9C2B2003A369E /* Storage */ = {isa = PBXFileSystemSynchronizedRootGroup; explicitFileTypes = {}; explicitFolders = (); path = Storage; sourceTree = "<group>"; };
		66D95BAD2DCF71C800C2D46B /* Helpers */ = {isa = PBXFileSystemSynchronizedRootGroup; explicitFileTypes = {}; explicitFolders = (); path = Helpers; sourceTree = "<group>"; };
		66D95BAE2DCF71D800C2D46B /* ViewModels */ = {isa = PBXFileSystemSynchronizedRootGroup; explicitFileTypes = {}; explicitFolders = (); path = ViewModels; sourceTree = "<group>"; };
		66D95BB92DCF725A00C2D46B /* Storage */ = {isa = PBXFileSystemSynchronizedRootGroup; explicitFileTypes = {}; explicitFolders = (); path = Storage; sourceTree = "<group>"; };
		66D95BBA2DCF726700C2D46B /* AR */ = {isa = PBXFileSystemSynchronizedRootGroup; explicitFileTypes = {}; explicitFolders = (); path = AR; sourceTree = "<group>"; };
/* End PBXFileSystemSynchronizedRootGroup section */

/* Begin PBXFrameworksBuildPhase section */
		64A07DB82BFE7CCA00FDE113 /* Frameworks */ = {
			isa = PBXFrameworksBuildPhase;
			buildActionMask = 2147483647;
			files = (
			);
			runOnlyForDeploymentPostprocessing = 0;
		};
/* End PBXFrameworksBuildPhase section */

/* Begin PBXGroup section */
		64A07DB22BFE7CCA00FDE113 = {
			isa = PBXGroup;
			children = (
				64A07DBD2BFE7CCA00FDE113 /* PhotometryAR */,
				660D62112DE9818400A714F7 /* PhotometryAR.app */,
			);
			sourceTree = "<group>";
		};
		64A07DBD2BFE7CCA00FDE113 /* PhotometryAR */ = {
			isa = PBXGroup;
			children = (
				66D7F5512DF9C298003A369E /* Models */,
				66D95BAE2DCF71D800C2D46B /* ViewModels */,
				66D95BAD2DCF71C800C2D46B /* Helpers */,
				64A07E202BFEA1F100FDE113 /* Info.plist */,
				64A07E0F2BFE9C7E00FDE113 /* Views */,
				64A07DD32BFE7CDA00FDE113 /* PhotometryARApp.swift */,
				64F43E512BFEB06E0069D4F3 /* Assets.xcassets */,
				F9432A632C17AC0500D540FD /* PrivacyInfo.xcprivacy */,
				64A07DC42BFE7CCB00FDE113 /* Preview Content */,
			);
			path = PhotometryAR;
			sourceTree = "<group>";
		};
		64A07DC42BFE7CCB00FDE113 /* Preview Content */ = {
			isa = PBXGroup;
			children = (
				64A07DC52BFE7CCB00FDE113 /* Preview Assets.xcassets */,
			);
			path = "Preview Content";
			sourceTree = "<group>";
		};
		64A07E0F2BFE9C7E00FDE113 /* Views */ = {
			isa = PBXGroup;
			children = (
				660D62872DE9952300A714F7 /* Modeling */,
				66D95BBA2DCF726700C2D46B /* AR */,
				66D95BB92DCF725A00C2D46B /* Storage */,
				66D95BC12DCF728F00C2D46B /* TabBar.swift */,
				64A07E022BFE9C7700FDE113 /* ContentView.swift */,
			);
			path = Views;
			sourceTree = "<group>";
		};
		660D62792DE9952300A714F7 /* Overlay */ = {
			isa = PBXGroup;
			children = (
				660D62752DE9952300A714F7 /* BottomOverlayButtons.swift */,
				660D62762DE9952300A714F7 /* CaptureOverlayView.swift */,
				660D62772DE9952300A714F7 /* FeedbackView.swift */,
				660D62782DE9952300A714F7 /* TopOverlayButtons.swift */,
			);
			path = Overlay;
			sourceTree = "<group>";
		};
		660D627B2DE9952300A714F7 /* Capture */ = {
			isa = PBXGroup;
			children = (
				660D62792DE9952300A714F7 /* Overlay */,
				660D627A2DE9952300A714F7 /* CapturePrimaryView.swift */,
			);
			path = Capture;
			sourceTree = "<group>";
		};
		660D627F2DE9952300A714F7 /* Onboarding */ = {
			isa = PBXGroup;
			children = (
				660D627C2DE9952300A714F7 /* OnboardingButtonView.swift */,
				660D627D2DE9952300A714F7 /* OnboardingTutorialView.swift */,
				660D627E2DE9952300A714F7 /* OnboardingView.swift */,
			);
			path = Onboarding;
			sourceTree = "<group>";
		};
		660D62822DE9952300A714F7 /* Reconstruction  */ = {
			isa = PBXGroup;
			children = (
				660D62802DE9952300A714F7 /* ProgressBarView.swift */,
				660D62812DE9952300A714F7 /* ReconstructionView.swift */,
			);
			path = "Reconstruction ";
			sourceTree = "<group>";
		};
		660D62852DE9952300A714F7 /* Tutorial */ = {
			isa = PBXGroup;
			children = (
				660D62832DE9952300A714F7 /* HelpPageView.swift */,
				660D62842DE9952300A714F7 /* TutorialPageView.swift */,
			);
			path = Tutorial;
			sourceTree = "<group>";
		};
		660D62872DE9952300A714F7 /* Modeling */ = {
			isa = PBXGroup;
			children = (
				660D627B2DE9952300A714F7 /* Capture */,
				660D627F2DE9952300A714F7 /* Onboarding */,
				660D62822DE9952300A714F7 /* Reconstruction  */,
				660D62852DE9952300A714F7 /* Tutorial */,
				660D62862DE9952300A714F7 /* PrimaryView.swift */,
			);
			path = Modeling;
			sourceTree = "<group>";
		};
		66D7F5512DF9C298003A369E /* Models */ = {
			isa = PBXGroup;
			children = (
				66D7F53D2DF9C26D003A369E /* CaptureFolderManager.swift */,
				66D7F5552DF9C2B2003A369E /* Storage */,
			);
			path = Models;
			sourceTree = "<group>";
		};
/* End PBXGroup section */

/* Begin PBXNativeTarget section */
		64A07DBA2BFE7CCA00FDE113 /* PhotometryAR */ = {
			isa = PBXNativeTarget;
			buildConfigurationList = 64A07DC92BFE7CCB00FDE113 /* Build configuration list for PBXNativeTarget "PhotometryAR" */;
			buildPhases = (
				64A07DB72BFE7CCA00FDE113 /* Sources */,
				64A07DB82BFE7CCA00FDE113 /* Frameworks */,
				64A07DB92BFE7CCA00FDE113 /* Resources */,
			);
			buildRules = (
			);
			dependencies = (
			);
			fileSystemSynchronizedGroups = (
				66D7F5552DF9C2B2003A369E /* Storage */,
				66D95BAD2DCF71C800C2D46B /* Helpers */,
				66D95BAE2DCF71D800C2D46B /* ViewModels */,
				66D95BB92DCF725A00C2D46B /* Storage */,
				66D95BBA2DCF726700C2D46B /* AR */,
			);
			name = PhotometryAR;
			productName = GuidedCaptureSample;
			productReference = 660D62112DE9818400A714F7 /* PhotometryAR.app */;
			productType = "com.apple.product-type.application";
		};
/* End PBXNativeTarget section */

/* Begin PBXProject section */
		64A07DB32BFE7CCA00FDE113 /* Project object */ = {
			isa = PBXProject;
			attributes = {
				BuildIndependentTargetsInParallel = 1;
				LastSwiftUpdateCheck = 1600;
				LastUpgradeCheck = 1600;
				ORGANIZATIONNAME = Apple;
				TargetAttributes = {
					64A07DBA2BFE7CCA00FDE113 = {
						CreatedOnToolsVersion = 16.0;
					};
				};
			};
			buildConfigurationList = 64A07DB62BFE7CCA00FDE113 /* Build configuration list for PBXProject "PhotometryAR" */;
			compatibilityVersion = "Xcode 15.0";
			developmentRegion = en;
			hasScannedForEncodings = 0;
			knownRegions = (
				en,
				Base,
			);
			mainGroup = 64A07DB22BFE7CCA00FDE113;
			productRefGroup = 64A07DB22BFE7CCA00FDE113;
			projectDirPath = "";
			projectRoot = "";
			targets = (
				64A07DBA2BFE7CCA00FDE113 /* PhotometryAR */,
			);
		};
/* End PBXProject section */

/* Begin PBXResourcesBuildPhase section */
		64A07DB92BFE7CCA00FDE113 /* Resources */ = {
			isa = PBXResourcesBuildPhase;
			buildActionMask = 2147483647;
			files = (
				64A07DC62BFE7CCB00FDE113 /* Preview Assets.xcassets in Resources */,
				64F43E522BFEB06E0069D4F3 /* Assets.xcassets in Resources */,
				F9432A642C17AC0500D540FD /* PrivacyInfo.xcprivacy in Resources */,
			);
			runOnlyForDeploymentPostprocessing = 0;
		};
/* End PBXResourcesBuildPhase section */

/* Begin PBXSourcesBuildPhase section */
		64A07DB72BFE7CCA00FDE113 /* Sources */ = {
			isa = PBXSourcesBuildPhase;
			buildActionMask = 2147483647;
			files = (
				64A07DE82BFE7CDA00FDE113 /* PhotometryARApp.swift in Sources */,
				66D95BC22DCF728F00C2D46B /* TabBar.swift in Sources */,
				660D62882DE9952300A714F7 /* BottomOverlayButtons.swift in Sources */,
				660D62892DE9952300A714F7 /* HelpPageView.swift in Sources */,
				660D628A2DE9952300A714F7 /* CaptureOverlayView.swift in Sources */,
				660D628B2DE9952300A714F7 /* TopOverlayButtons.swift in Sources */,
				660D628C2DE9952300A714F7 /* OnboardingView.swift in Sources */,
				660D628D2DE9952300A714F7 /* CapturePrimaryView.swift in Sources */,
				660D628E2DE9952300A714F7 /* PrimaryView.swift in Sources */,
				660D628F2DE9952300A714F7 /* OnboardingTutorialView.swift in Sources */,
				660D62902DE9952300A714F7 /* TutorialPageView.swift in Sources */,
				660D62912DE9952300A714F7 /* ReconstructionView.swift in Sources */,
				660D62922DE9952300A714F7 /* ProgressBarView.swift in Sources */,
				660D62932DE9952300A714F7 /* OnboardingButtonView.swift in Sources */,
				660D62942DE9952300A714F7 /* FeedbackView.swift in Sources */,
				64A07E152BFE9E0F00FDE113 /* ContentView.swift in Sources */,
				66D7F5452DF9C26D003A369E /* CaptureFolderManager.swift in Sources */,
			);
			runOnlyForDeploymentPostprocessing = 0;
		};
/* End PBXSourcesBuildPhase section */

/* Begin XCBuildConfiguration section */
		64A07DC72BFE7CCB00FDE113 /* Debug */ = {
			isa = XCBuildConfiguration;
			buildSettings = {
				ALWAYS_SEARCH_USER_PATHS = NO;
				ASSETCATALOG_COMPILER_GENERATE_SWIFT_ASSET_SYMBOL_EXTENSIONS = YES;
				CLANG_ANALYZER_NONNULL = YES;
				CLANG_ANALYZER_NUMBER_OBJECT_CONVERSION = YES_AGGRESSIVE;
				CLANG_CXX_LANGUAGE_STANDARD = "gnu++20";
				CLANG_ENABLE_MODULES = YES;
				CLANG_ENABLE_OBJC_ARC = YES;
				CLANG_ENABLE_OBJC_WEAK = YES;
				CLANG_WARN_BLOCK_CAPTURE_AUTORELEASING = YES;
				CLANG_WARN_BOOL_CONVERSION = YES;
				CLANG_WARN_COMMA = YES;
				CLANG_WARN_CONSTANT_CONVERSION = YES;
				CLANG_WARN_DEPRECATED_OBJC_IMPLEMENTATIONS = YES;
				CLANG_WARN_DIRECT_OBJC_ISA_USAGE = YES_ERROR;
				CLANG_WARN_DOCUMENTATION_COMMENTS = YES;
				CLANG_WARN_EMPTY_BODY = YES;
				CLANG_WARN_ENUM_CONVERSION = YES;
				CLANG_WARN_INFINITE_RECURSION = YES;
				CLANG_WARN_INT_CONVERSION = YES;
				CLANG_WARN_NON_LITERAL_NULL_CONVERSION = YES;
				CLANG_WARN_OBJC_IMPLICIT_RETAIN_SELF = YES;
				CLANG_WARN_OBJC_LITERAL_CONVERSION = YES;
				CLANG_WARN_OBJC_ROOT_CLASS = YES_ERROR;
				CLANG_WARN_QUOTED_INCLUDE_IN_FRAMEWORK_HEADER = YES;
				CLANG_WARN_RANGE_LOOP_ANALYSIS = YES;
				CLANG_WARN_STRICT_PROTOTYPES = YES;
				CLANG_WARN_SUSPICIOUS_MOVE = YES;
				CLANG_WARN_UNGUARDED_AVAILABILITY = YES_AGGRESSIVE;
				CLANG_WARN_UNREACHABLE_CODE = YES;
				CLANG_WARN__DUPLICATE_METHOD_MATCH = YES;
				COPY_PHASE_STRIP = NO;
				DEBUG_INFORMATION_FORMAT = dwarf;
				ENABLE_STRICT_OBJC_MSGSEND = YES;
				ENABLE_TESTABILITY = YES;
				ENABLE_USER_SCRIPT_SANDBOXING = YES;
				GCC_C_LANGUAGE_STANDARD = gnu17;
				GCC_DYNAMIC_NO_PIC = NO;
				GCC_NO_COMMON_BLOCKS = YES;
				GCC_OPTIMIZATION_LEVEL = 0;
				GCC_PREPROCESSOR_DEFINITIONS = (
					"DEBUG=1",
					"$(inherited)",
				);
				GCC_WARN_64_TO_32_BIT_CONVERSION = YES;
				GCC_WARN_ABOUT_RETURN_TYPE = YES_ERROR;
				GCC_WARN_UNDECLARED_SELECTOR = YES;
				GCC_WARN_UNINITIALIZED_AUTOS = YES_AGGRESSIVE;
				GCC_WARN_UNUSED_FUNCTION = YES;
				GCC_WARN_UNUSED_VARIABLE = YES;
				GENERATE_INFOPLIST_FILE = NO;
				IPHONEOS_DEPLOYMENT_TARGET = 18.0;
				LOCALIZATION_PREFERS_STRING_CATALOGS = YES;
				MTL_ENABLE_DEBUG_INFO = INCLUDE_SOURCE;
				MTL_FAST_MATH = YES;
				ONLY_ACTIVE_ARCH = YES;
				SDKROOT = iphoneos;
				SWIFT_ACTIVE_COMPILATION_CONDITIONS = "DEBUG $(inherited)";
				SWIFT_OPTIMIZATION_LEVEL = "-Onone";
			};
			name = Debug;
		};
		64A07DC82BFE7CCB00FDE113 /* Release */ = {
			isa = XCBuildConfiguration;
			buildSettings = {
				ALWAYS_SEARCH_USER_PATHS = NO;
				ASSETCATALOG_COMPILER_GENERATE_SWIFT_ASSET_SYMBOL_EXTENSIONS = YES;
				CLANG_ANALYZER_NONNULL = YES;
				CLANG_ANALYZER_NUMBER_OBJECT_CONVERSION = YES_AGGRESSIVE;
				CLANG_CXX_LANGUAGE_STANDARD = "gnu++20";
				CLANG_ENABLE_MODULES = YES;
				CLANG_ENABLE_OBJC_ARC = YES;
				CLANG_ENABLE_OBJC_WEAK = YES;
				CLANG_WARN_BLOCK_CAPTURE_AUTORELEASING = YES;
				CLANG_WARN_BOOL_CONVERSION = YES;
				CLANG_WARN_COMMA = YES;
				CLANG_WARN_CONSTANT_CONVERSION = YES;
				CLANG_WARN_DEPRECATED_OBJC_IMPLEMENTATIONS = YES;
				CLANG_WARN_DIRECT_OBJC_ISA_USAGE = YES_ERROR;
				CLANG_WARN_DOCUMENTATION_COMMENTS = YES;
				CLANG_WARN_EMPTY_BODY = YES;
				CLANG_WARN_ENUM_CONVERSION = YES;
				CLANG_WARN_INFINITE_RECURSION = YES;
				CLANG_WARN_INT_CONVERSION = YES;
				CLANG_WARN_NON_LITERAL_NULL_CONVERSION = YES;
				CLANG_WARN_OBJC_IMPLICIT_RETAIN_SELF = YES;
				CLANG_WARN_OBJC_LITERAL_CONVERSION = YES;
				CLANG_WARN_OBJC_ROOT_CLASS = YES_ERROR;
				CLANG_WARN_QUOTED_INCLUDE_IN_FRAMEWORK_HEADER = YES;
				CLANG_WARN_RANGE_LOOP_ANALYSIS = YES;
				CLANG_WARN_STRICT_PROTOTYPES = YES;
				CLANG_WARN_SUSPICIOUS_MOVE = YES;
				CLANG_WARN_UNGUARDED_AVAILABILITY = YES_AGGRESSIVE;
				CLANG_WARN_UNREACHABLE_CODE = YES;
				CLANG_WARN__DUPLICATE_METHOD_MATCH = YES;
				COPY_PHASE_STRIP = NO;
				DEBUG_INFORMATION_FORMAT = "dwarf-with-dsym";
				ENABLE_NS_ASSERTIONS = NO;
				ENABLE_STRICT_OBJC_MSGSEND = YES;
				ENABLE_USER_SCRIPT_SANDBOXING = YES;
				GCC_C_LANGUAGE_STANDARD = gnu17;
				GCC_NO_COMMON_BLOCKS = YES;
				GCC_WARN_64_TO_32_BIT_CONVERSION = YES;
				GCC_WARN_ABOUT_RETURN_TYPE = YES_ERROR;
				GCC_WARN_UNDECLARED_SELECTOR = YES;
				GCC_WARN_UNINITIALIZED_AUTOS = YES_AGGRESSIVE;
				GCC_WARN_UNUSED_FUNCTION = YES;
				GCC_WARN_UNUSED_VARIABLE = YES;
				GENERATE_INFOPLIST_FILE = NO;
				IPHONEOS_DEPLOYMENT_TARGET = 18.0;
				LOCALIZATION_PREFERS_STRING_CATALOGS = YES;
				MTL_ENABLE_DEBUG_INFO = NO;
				MTL_FAST_MATH = YES;
				SDKROOT = iphoneos;
				SWIFT_COMPILATION_MODE = wholemodule;
				VALIDATE_PRODUCT = YES;
			};
			name = Release;
		};
		64A07DCA2BFE7CCB00FDE113 /* Debug */ = {
			isa = XCBuildConfiguration;
			buildSettings = {
				ASSETCATALOG_COMPILER_APPICON_NAME = AppIcon;
				ASSETCATALOG_COMPILER_GLOBAL_ACCENT_COLOR_NAME = AccentColor;
				CODE_SIGN_STYLE = Automatic;
				CURRENT_PROJECT_VERSION = 1;
				DEVELOPMENT_ASSET_PATHS = "\"./PhotometryAR/Preview Content\"";
				DEVELOPMENT_TEAM = 7367KC6PKX;
				ENABLE_PREVIEWS = YES;
				ENABLE_USER_SCRIPT_SANDBOXING = YES;
				GENERATE_INFOPLIST_FILE = YES;
				INFOPLIST_FILE = PhotometryAR/Info.plist;
				INFOPLIST_KEY_NSCameraUsageDescription = "This app uses the camera to scan objects.";
				INFOPLIST_KEY_UIApplicationSupportsIndirectInputEvents = YES;
				INFOPLIST_KEY_UILaunchScreen_Generation = YES;
				INFOPLIST_KEY_UISupportedInterfaceOrientations = UIInterfaceOrientationPortrait;
				INFOPLIST_KEY_UISupportedInterfaceOrientations_iPad = "UIInterfaceOrientationLandscapeLeft UIInterfaceOrientationLandscapeRight UIInterfaceOrientationPortrait UIInterfaceOrientationPortraitUpsideDown";
				LD_RUNPATH_SEARCH_PATHS = (
					"$(inherited)",
					"@executable_path/Frameworks",
				);
				MARKETING_VERSION = 1.0;
				PRODUCT_BUNDLE_IDENTIFIER = ru.vargunin.photometryar;
				PRODUCT_NAME = "$(TARGET_NAME)";
				PROVISIONING_PROFILE_SPECIFIER = "";
				SUPPORTED_PLATFORMS = "iphoneos iphonesimulator";
				SUPPORTS_MACCATALYST = NO;
				SUPPORTS_MAC_DESIGNED_FOR_IPHONE_IPAD = NO;
				SUPPORTS_XR_DESIGNED_FOR_IPHONE_IPAD = NO;
				SWIFT_EMIT_LOC_STRINGS = YES;
				SWIFT_VERSION = 5.0;
				TARGETED_DEVICE_FAMILY = 1;
			};
			name = Debug;
		};
		64A07DCB2BFE7CCB00FDE113 /* Release */ = {
			isa = XCBuildConfiguration;
			buildSettings = {
				ASSETCATALOG_COMPILER_APPICON_NAME = AppIcon;
				ASSETCATALOG_COMPILER_GLOBAL_ACCENT_COLOR_NAME = AccentColor;
				CODE_SIGN_STYLE = Automatic;
				CURRENT_PROJECT_VERSION = 1;
				DEVELOPMENT_ASSET_PATHS = "\"./PhotometryAR/Preview Content\"";
				DEVELOPMENT_TEAM = 7367KC6PKX;
				ENABLE_PREVIEWS = YES;
				ENABLE_USER_SCRIPT_SANDBOXING = YES;
				GENERATE_INFOPLIST_FILE = YES;
				INFOPLIST_FILE = PhotometryAR/Info.plist;
				INFOPLIST_KEY_NSCameraUsageDescription = "This app uses the camera to scan objects.";
				INFOPLIST_KEY_UIApplicationSupportsIndirectInputEvents = YES;
				INFOPLIST_KEY_UILaunchScreen_Generation = YES;
				INFOPLIST_KEY_UISupportedInterfaceOrientations = UIInterfaceOrientationPortrait;
				INFOPLIST_KEY_UISupportedInterfaceOrientations_iPad = "UIInterfaceOrientationLandscapeLeft UIInterfaceOrientationLandscapeRight UIInterfaceOrientationPortrait UIInterfaceOrientationPortraitUpsideDown";
				LD_RUNPATH_SEARCH_PATHS = (
					"$(inherited)",
					"@executable_path/Frameworks",
				);
				MARKETING_VERSION = 1.0;
				PRODUCT_BUNDLE_IDENTIFIER = ru.vargunin.photometryar;
				PRODUCT_NAME = "$(TARGET_NAME)";
				PROVISIONING_PROFILE_SPECIFIER = "";
				SUPPORTED_PLATFORMS = "iphoneos iphonesimulator";
				SUPPORTS_MACCATALYST = NO;
				SUPPORTS_MAC_DESIGNED_FOR_IPHONE_IPAD = NO;
				SUPPORTS_XR_DESIGNED_FOR_IPHONE_IPAD = NO;
				SWIFT_EMIT_LOC_STRINGS = YES;
				SWIFT_VERSION = 5.0;
				TARGETED_DEVICE_FAMILY = 1;
			};
			name = Release;
		};
/* End XCBuildConfiguration section */

/* Begin XCConfigurationList section */
		64A07DB62BFE7CCA00FDE113 /* Build configuration list for PBXProject "PhotometryAR" */ = {
			isa = XCConfigurationList;
			buildConfigurations = (
				64A07DC72BFE7CCB00FDE113 /* Debug */,
				64A07DC82BFE7CCB00FDE113 /* Release */,
			);
			defaultConfigurationIsVisible = 0;
			defaultConfigurationName = Release;
		};
		64A07DC92BFE7CCB00FDE113 /* Build configuration list for PBXNativeTarget "PhotometryAR" */ = {
			isa = XCConfigurationList;
			buildConfigurations = (
				64A07DCA2BFE7CCB00FDE113 /* Debug */,
				64A07DCB2BFE7CCB00FDE113 /* Release */,
			);
			defaultConfigurationIsVisible = 0;
			defaultConfigurationName = Release;
		};
/* End XCConfigurationList section */
	};
	rootObject = 64A07DB32BFE7CCA00FDE113 /* Project object */;
}
